
Microsoft Visual Studio Solution File, Format Version 12.00
# Visual Studio Version 17
VisualStudioVersion = 17.5.002.0
MinimumVisualStudioVersion = 10.0.40219.1
Project("{9A19103F-16F7-4668-BE54-9A1E7A4F7556}") = "TodoApi", "TodoApi.csproj", "{C4542BD8-9F10-4CA8-97DF-AFFE508C09B9}"
EndProject
Global
	GlobalSection(SolutionConfigurationPlatforms) = preSolution
		Debug|Any CPU = Debug|Any CPU
		Release|Any CPU = Release|Any CPU
	EndGlobalSection
	GlobalSection(ProjectConfigurationPlatforms) = postSolution
		{C4542BD8-9F10-4CA8-97DF-AFFE508C09B9}.Debug|Any CPU.ActiveCfg = Debug|Any CPU
		{C4542BD8-9F10-4CA8-97DF-AFFE508C09B9}.Debug|Any CPU.Build.0 = Debug|Any CPU
		{C4542BD8-9F10-4CA8-97DF-AFFE508C09B9}.Release|Any CPU.ActiveCfg = Release|Any CPU
		{C4542BD8-9F10-4CA8-97DF-AFFE508C09B9}.Release|Any CPU.Build.0 = Release|Any CPU
	EndGlobalSection
	GlobalSection(SolutionProperties) = preSolution
		HideSolutionNode = FALSE
	EndGlobalSection
	GlobalSection(ExtensibilityGlobals) = postSolution
		SolutionGuid = {F288D968-A2F6-45E1-B497-2C2CB9D18A57}
	EndGlobalSection
EndGlobal
